
Microsoft Visual Studio Solution File, Format Version 12.00
# Visual Studio Version 16
VisualStudioVersion = 16.0.30114.105
MinimumVisualStudioVersion = 10.0.40219.1
Project("{FAE04EC0-301F-11D3-BF4B-00C04F79EFBC}") = "WpfInterfacePrincipal", "WpfInterfacePrincipal\WpfInterfacePrincipal.csproj", "{D426E640-32E1-4D61-88AA-7B633BFCA26E}"
EndProject
Project("{FAE04EC0-301F-11D3-BF4B-00C04F79EFBC}") = "CapaNegocios", "CapaNegocios\CapaNegocios.csproj", "{1A18CFD4-44B7-42A1-8844-A3FFDFF3D171}"
EndProject
Global
	GlobalSection(SolutionConfigurationPlatforms) = preSolution
		Debug|Any CPU = Debug|Any CPU
		Release|Any CPU = Release|Any CPU
	EndGlobalSection
	GlobalSection(ProjectConfigurationPlatforms) = postSolution
		{D426E640-32E1-4D61-88AA-7B633BFCA26E}.Debug|Any CPU.ActiveCfg = Debug|Any CPU
		{D426E640-32E1-4D61-88AA-7B633BFCA26E}.Debug|Any CPU.Build.0 = Debug|Any CPU
		{D426E640-32E1-4D61-88AA-7B633BFCA26E}.Release|Any CPU.ActiveCfg = Release|Any CPU
		{D426E640-32E1-4D61-88AA-7B633BFCA26E}.Release|Any CPU.Build.0 = Release|Any CPU
		{1A18CFD4-44B7-42A1-8844-A3FFDFF3D171}.Debug|Any CPU.ActiveCfg = Debug|Any CPU
		{1A18CFD4-44B7-42A1-8844-A3FFDFF3D171}.Debug|Any CPU.Build.0 = Debug|Any CPU
		{1A18CFD4-44B7-42A1-8844-A3FFDFF3D171}.Release|Any CPU.ActiveCfg = Release|Any CPU
		{1A18CFD4-44B7-42A1-8844-A3FFDFF3D171}.Release|Any CPU.Build.0 = Release|Any CPU
	EndGlobalSection
	GlobalSection(SolutionProperties) = preSolution
		HideSolutionNode = FALSE
	EndGlobalSection
	GlobalSection(ExtensibilityGlobals) = postSolution
		SolutionGuid = {4EF5B3FE-DDC1-46DD-BDAC-BC9A56A9678F}
	EndGlobalSection
EndGlobal
